// !$*UTF8*$!
{
	archiveVersion = 1;
	classes = {
	};
	objectVersion = 46;
	objects = {

/* Begin PBXBuildFile section */
		FD4D090C1AA7604100DAC6BC /* main.swift in Sources */ = {isa = PBXBuildFile; fileRef = FD4D090B1AA7604100DAC6BC /* main.swift */; };
		FD4D09131AA7606700DAC6BC /* SwiftLogger.swift in Sources */ = {isa = PBXBuildFile; fileRef = FD4D09121AA7606700DAC6BC /* SwiftLogger.swift */; };
/* End PBXBuildFile section */

/* Begin PBXCopyFilesBuildPhase section */
		FD4D09061AA7604100DAC6BC /* CopyFiles */ = {
			isa = PBXCopyFilesBuildPhase;
			buildActionMask = 2147483647;
			dstPath = /usr/share/man/man1/;
			dstSubfolderSpec = 0;
			files = (
			);
			runOnlyForDeploymentPostprocessing = 1;
		};
/* End PBXCopyFilesBuildPhase section */

/* Begin PBXFileReference section */
		FD4D09081AA7604100DAC6BC /* SwiftLogger */ = {isa = PBXFileReference; explicitFileType = "compiled.mach-o.executable"; includeInIndex = 0; path = SwiftLogger; sourceTree = BUILT_PRODUCTS_DIR; };
		FD4D090B1AA7604100DAC6BC /* main.swift */ = {isa = PBXFileReference; lastKnownFileType = sourcecode.swift; path = main.swift; sourceTree = "<group>"; };
		FD4D09121AA7606700DAC6BC /* SwiftLogger.swift */ = {isa = PBXFileReference; fileEncoding = 4; lastKnownFileType = sourcecode.swift; path = SwiftLogger.swift; sourceTree = "<group>"; };
/* End PBXFileReference section */

/* Begin PBXFrameworksBuildPhase section */
		FD4D09051AA7604100DAC6BC /* Frameworks */ = {
			isa = PBXFrameworksBuildPhase;
			buildActionMask = 2147483647;
			files = (
			);
			runOnlyForDeploymentPostprocessing = 0;
		};
/* End PBXFrameworksBuildPhase section */

/* Begin PBXGroup section */
		FD4D08FF1AA7604100DAC6BC = {
			isa = PBXGroup;
			children = (
				FD4D090A1AA7604100DAC6BC /* SwiftLogger */,
				FD4D09091AA7604100DAC6BC /* Products */,
			);
			sourceTree = "<group>";
		};
		FD4D09091AA7604100DAC6BC /* Products */ = {
			isa = PBXGroup;
			children = (
				FD4D09081AA7604100DAC6BC /* SwiftLogger */,
			);
			name = Products;
			sourceTree = "<group>";
		};
		FD4D090A1AA7604100DAC6BC /* SwiftLogger */ = {
			isa = PBXGroup;
			children = (
				FD4D09121AA7606700DAC6BC /* SwiftLogger.swift */,
				FD4D090B1AA7604100DAC6BC /* main.swift */,
			);
			path = SwiftLogger;
			sourceTree = "<group>";
		};
/* End PBXGroup section */

/* Begin PBXNativeTarget section */
		FD4D09071AA7604100DAC6BC /* SwiftLogger */ = {
			isa = PBXNativeTarget;
			buildConfigurationList = FD4D090F1AA7604100DAC6BC /* Build configuration list for PBXNativeTarget "SwiftLogger" */;
			buildPhases = (
				FD4D09041AA7604100DAC6BC /* Sources */,
				FD4D09051AA7604100DAC6BC /* Frameworks */,
				FD4D09061AA7604100DAC6BC /* CopyFiles */,
			);
			buildRules = (
			);
			dependencies = (
			);
			name = SwiftLogger;
			productName = SwiftLogger;
			productReference = FD4D09081AA7604100DAC6BC /* SwiftLogger */;
			productType = "com.apple.product-type.tool";
		};
/* End PBXNativeTarget section */

/* Begin PBXProject section */
		FD4D09001AA7604100DAC6BC /* Project object */ = {
			isa = PBXProject;
			attributes = {
				LastUpgradeCheck = 0620;
				ORGANIZATIONNAME = "Gery Studio";
				TargetAttributes = {
					FD4D09071AA7604100DAC6BC = {
						CreatedOnToolsVersion = 6.2;
					};
				};
			};
			buildConfigurationList = FD4D09031AA7604100DAC6BC /* Build configuration list for PBXProject "SwiftLogger" */;
			compatibilityVersion = "Xcode 3.2";
			developmentRegion = English;
			hasScannedForEncodings = 0;
			knownRegions = (
				en,
			);
			mainGroup = FD4D08FF1AA7604100DAC6BC;
			productRefGroup = FD4D09091AA7604100DAC6BC /* Products */;
			projectDirPath = "";
			projectRoot = "";
			targets = (
				FD4D09071AA7604100DAC6BC /* SwiftLogger */,
			);
		};
/* End PBXProject section */

/* Begin PBXSourcesBuildPhase section */
		FD4D09041AA7604100DAC6BC /* Sources */ = {
			isa = PBXSourcesBuildPhase;
			buildActionMask = 2147483647;
			files = (
				FD4D090C1AA7604100DAC6BC /* main.swift in Sources */,
				FD4D09131AA7606700DAC6BC /* SwiftLogger.swift in Sources */,
			);
			runOnlyForDeploymentPostprocessing = 0;
		};
/* End PBXSourcesBuildPhase section */

/* Begin XCBuildConfiguration section */
		FD4D090D1AA7604100DAC6BC /* Debug */ = {
			isa = XCBuildConfiguration;
			buildSettings = {
				ALWAYS_SEARCH_USER_PATHS = NO;
				CLANG_CXX_LANGUAGE_STANDARD = "gnu++0x";
				CLANG_CXX_LIBRARY = "libc++";
				CLANG_ENABLE_MODULES = YES;
				CLANG_ENABLE_OBJC_ARC = YES;
				CLANG_WARN_BOOL_CONVERSION = YES;
				CLANG_WARN_CONSTANT_CONVERSION = YES;
				CLANG_WARN_DIRECT_OBJC_ISA_USAGE = YES_ERROR;
				CLANG_WARN_EMPTY_BODY = YES;
				CLANG_WARN_ENUM_CONVERSION = YES;
				CLANG_WARN_INT_CONVERSION = YES;
				CLANG_WARN_OBJC_ROOT_CLASS = YES_ERROR;
				CLANG_WARN_UNREACHABLE_CODE = YES;
				CLANG_WARN__DUPLICATE_METHOD_MATCH = YES;
				COPY_PHASE_STRIP = NO;
				ENABLE_STRICT_OBJC_MSGSEND = YES;
				GCC_C_LANGUAGE_STANDARD = gnu99;
				GCC_DYNAMIC_NO_PIC = NO;
				GCC_OPTIMIZATION_LEVEL = 0;
				GCC_PREPROCESSOR_DEFINITIONS = (
					"DEBUG=1",
					"$(inherited)",
				);
				GCC_SYMBOLS_PRIVATE_EXTERN = NO;
				GCC_WARN_64_TO_32_BIT_CONVERSION = YES;
				GCC_WARN_ABOUT_RETURN_TYPE = YES_ERROR;
				GCC_WARN_UNDECLARED_SELECTOR = YES;
				GCC_WARN_UNINITIALIZED_AUTOS = YES_AGGRESSIVE;
				GCC_WARN_UNUSED_FUNCTION = YES;
				GCC_WARN_UNUSED_VARIABLE = YES;
				MACOSX_DEPLOYMENT_TARGET = 10.10;
				MTL_ENABLE_DEBUG_INFO = YES;
				ONLY_ACTIVE_ARCH = YES;
				SDKROOT = macosx;
				SWIFT_OPTIMIZATION_LEVEL = "-Onone";
			};
			name = Debug;
		};
		FD4D090E1AA7604100DAC6BC /* Release */ = {
			isa = XCBuildConfiguration;
			buildSettings = {
				ALWAYS_SEARCH_USER_PATHS = NO;
				CLANG_CXX_LANGUAGE_STANDARD = "gnu++0x";
				CLANG_CXX_LIBRARY = "libc++";
				CLANG_ENABLE_MODULES = YES;
				CLANG_ENABLE_OBJC_ARC = YES;
				CLANG_WARN_BOOL_CONVERSION = YES;
				CLANG_WARN_CONSTANT_CONVERSION = YES;
				CLANG_WARN_DIRECT_OBJC_ISA_USAGE = YES_ERROR;
				CLANG_WARN_EMPTY_BODY = YES;
				CLANG_WARN_ENUM_CONVERSION = YES;
				CLANG_WARN_INT_CONVERSION = YES;
				CLANG_WARN_OBJC_ROOT_CLASS = YES_ERROR;
				CLANG_WARN_UNREACHABLE_CODE = YES;
				CLANG_WARN__DUPLICATE_METHOD_MATCH = YES;
				COPY_PHASE_STRIP = YES;
				DEBUG_INFORMATION_FORMAT = "dwarf-with-dsym";
				ENABLE_NS_ASSERTIONS = NO;
				ENABLE_STRICT_OBJC_MSGSEND = YES;
				GCC_C_LANGUAGE_STANDARD = gnu99;
				GCC_WARN_64_TO_32_BIT_CONVERSION = YES;
				GCC_WARN_ABOUT_RETURN_TYPE = YES_ERROR;
				GCC_WARN_UNDECLARED_SELECTOR = YES;
				GCC_WARN_UNINITIALIZED_AUTOS = YES_AGGRESSIVE;
				GCC_WARN_UNUSED_FUNCTION = YES;
				GCC_WARN_UNUSED_VARIABLE = YES;
				MACOSX_DEPLOYMENT_TARGET = 10.10;
				MTL_ENABLE_DEBUG_INFO = NO;
				SDKROOT = macosx;
			};
			name = Release;
		};
		FD4D09101AA7604100DAC6BC /* Debug */ = {
			isa = XCBuildConfiguration;
			buildSettings = {
				PRODUCT_NAME = "$(TARGET_NAME)";
			};
			name = Debug;
		};
		FD4D09111AA7604100DAC6BC /* Release */ = {
			isa = XCBuildConfiguration;
			buildSettings = {
				PRODUCT_NAME = "$(TARGET_NAME)";
			};
			name = Release;
		};
/* End XCBuildConfiguration section */

/* Begin XCConfigurationList section */
		FD4D09031AA7604100DAC6BC /* Build configuration list for PBXProject "SwiftLogger" */ = {
			isa = XCConfigurationList;
			buildConfigurations = (
				FD4D090D1AA7604100DAC6BC /* Debug */,
				FD4D090E1AA7604100DAC6BC /* Release */,
			);
			defaultConfigurationIsVisible = 0;
			defaultConfigurationName = Release;
		};
		FD4D090F1AA7604100DAC6BC /* Build configuration list for PBXNativeTarget "SwiftLogger" */ = {
			isa = XCConfigurationList;
			buildConfigurations = (
				FD4D09101AA7604100DAC6BC /* Debug */,
				FD4D09111AA7604100DAC6BC /* Release */,
			);
			defaultConfigurationIsVisible = 0;
		};
/* End XCConfigurationList section */
	};
	rootObject = FD4D09001AA7604100DAC6BC /* Project object */;
}
